{
  "nodes": {
    "apple-emoji-nix": {
      "inputs": {
        "apple_color_emoji_font": "apple_color_emoji_font",
        "nixpkgs": [
          "nixpkgs"
        ]
      },
      "locked": {
        "lastModified": 1764432175,
        "narHash": "sha256-LDyOpEQZ48AtQEVsPB9qRBJUAZA7tPRAE2G2RSLL/lg=",
        "owner": "whoiscircuit",
        "repo": "apple-emoji-nix",
        "rev": "cb703678eacb0ca3dabbfba13d96de3b9e29a9b7",
        "type": "github"
      },
      "original": {
        "owner": "whoiscircuit",
        "repo": "apple-emoji-nix",
        "type": "github"
      }
    },
    "apple_color_emoji_font": {
      "flake": false,
      "locked": {
        "narHash": "sha256-WYeZr4ESHQ4fKCmSR/WdCLsbp9Ik/czR4OmW8veGgv0=",
        "type": "file",
        "url": "https://github.com/samuelngs/apple-emoji-linux/releases/latest/download/AppleColorEmoji.ttf"
      },
      "original": {
        "type": "file",
        "url": "https://github.com/samuelngs/apple-emoji-linux/releases/latest/download/AppleColorEmoji.ttf"
      }
    },
    "dotfiles": {
      "flake": false,
      "locked": {
        "lastModified": 1765123069,
        "narHash": "sha256-UIOMCLijBnhS21cAb8cTaa0NOpwB1StW1V6nT9qxMnk=",
        "owner": "whoiscircuit",
        "repo": "new_dotfiles",
        "rev": "662bec86e7664ea43109030c23e685de6697b6f0",
        "type": "github"
      },
      "original": {
        "owner": "whoiscircuit",
        "repo": "new_dotfiles",
        "type": "github"
      }
    },
    "hidrosis": {
      "inputs": {
        "nixpkgs": [
          "nixpkgs"
        ]
      },
      "locked": {
        "lastModified": 1762239515,
        "narHash": "sha256-sRZAvkFJyZSSg8Q7lhOUHweRffEgCXLXaspns6b5AI4=",
        "ref": "refs/heads/main",
        "rev": "1097f88cc6d3a532697ab67d719a7ba82b5f8261",
        "revCount": 183,
        "submodules": true,
        "type": "git",
        "url": "https://github.com/whoiscircuit/daktylos"
      },
      "original": {
        "submodules": true,
        "type": "git",
        "url": "https://github.com/whoiscircuit/daktylos"
      }
    },
    "home-manager": {
      "inputs": {
        "nixpkgs": [
          "nixpkgs"
        ]
      },
      "locked": {
        "lastModified": 1764866045,
        "narHash": "sha256-0GsEtXV9OquDQ1VclQfP16cU5VZh7NEVIOjSH4UaJuM=",
        "owner": "nix-community",
        "repo": "home-manager",
        "rev": "f63d0fe9d81d36e5fc95497217a72e02b8b7bcab",
        "type": "github"
      },
      "original": {
        "owner": "nix-community",
        "ref": "release-25.11",
        "repo": "home-manager",
        "type": "github"
      }
    },
    "iozevka": {
      "inputs": {
        "nixpkgs": [
          "nixpkgs"
        ]
      },
      "locked": {
        "lastModified": 1757747389,
        "narHash": "sha256-YAtKMuOI0GfenjJjM2EStB6HDFfLAJMM8etjoVqY00Q=",
        "owner": "whoiscircuit",
        "repo": "iozevka",
        "rev": "021ed8297bfd269cc3720f6151f88c1f73c916cf",
        "type": "github"
      },
      "original": {
        "owner": "whoiscircuit",
        "repo": "iozevka",
        "type": "github"
      }
    },
    "nixpkgs": {
      "locked": {
        "lastModified": 1764677808,
        "narHash": "sha256-H3lC7knbXOBrHI9hITQ7modLuX20mYJVhZORL5ioms0=",
        "owner": "nixos",
        "repo": "nixpkgs",
        "rev": "1aab89277eb2d87823d5b69bae631a2496cff57a",
        "type": "github"
      },
      "original": {
        "owner": "nixos",
        "ref": "nixos-25.11",
        "repo": "nixpkgs",
        "type": "github"
      }
    },
    "nixpkgs-unstable": {
      "locked": {
        "lastModified": 1764667669,
        "narHash": "sha256-7WUCZfmqLAssbDqwg9cUDAXrSoXN79eEEq17qhTNM/Y=",
        "owner": "nixos",
        "repo": "nixpkgs",
        "rev": "418468ac9527e799809c900eda37cbff999199b6",
        "type": "github"
      },
      "original": {
        "owner": "nixos",
        "ref": "nixos-unstable",
        "repo": "nixpkgs",
        "type": "github"
      }
    },
    "root": {
      "inputs": {
        "apple-emoji-nix": "apple-emoji-nix",
        "dotfiles": "dotfiles",
        "hidrosis": "hidrosis",
        "home-manager": "home-manager",
        "iozevka": "iozevka",
        "nixpkgs": "nixpkgs",
        "nixpkgs-unstable": "nixpkgs-unstable"
      }
    }
  },
  "root": "root",
  "version": 7
}
