{
  "nodes": {
    "dotfiles": {
      "flake": false,
      "locked": {
        "lastModified": 1761216429,
        "narHash": "sha256-iEq87KpLYlMEd74q3FDuWnznU47adyFeVhbpH+HZN/Y=",
        "owner": "whoiscircuit",
        "repo": "new_dotfiles",
        "rev": "16503c18578e6690bb7063005b9b58e180446f15",
        "type": "github"
      },
      "original": {
        "owner": "whoiscircuit",
        "repo": "new_dotfiles",
        "type": "github"
      }
    },
    "hidrosis": {
      "inputs": {
        "nixpkgs": [
          "nixpkgs"
        ]
      },
      "locked": {
        "lastModified": 1761325307,
        "narHash": "sha256-QrWgPDCxDqo+5Pncwbr2xdNz/1CY8WndI4Z20pwGFSk=",
        "ref": "refs/heads/main",
        "rev": "f0a1d6956346074d8d9f143ead725363255d9259",
        "revCount": 136,
        "submodules": true,
        "type": "git",
        "url": "https://github.com/whoiscircuit/daktylos"
      },
      "original": {
        "submodules": true,
        "type": "git",
        "url": "https://github.com/whoiscircuit/daktylos"
      }
    },
    "home-manager": {
      "inputs": {
        "nixpkgs": [
          "nixpkgs"
        ]
      },
      "locked": {
        "lastModified": 1760662441,
        "narHash": "sha256-mlDqR1Ntgs9uYYEAUR1IhamKBO0lxoNS4zGLzEZaY0A=",
        "owner": "nix-community",
        "repo": "home-manager",
        "rev": "722792af097dff5790f1a66d271a47759f477755",
        "type": "github"
      },
      "original": {
        "owner": "nix-community",
        "repo": "home-manager",
        "type": "github"
      }
    },
    "iozevka": {
      "inputs": {
        "nixpkgs": [
          "nixpkgs"
        ]
      },
      "locked": {
        "lastModified": 1757747389,
        "narHash": "sha256-YAtKMuOI0GfenjJjM2EStB6HDFfLAJMM8etjoVqY00Q=",
        "owner": "whoiscircuit",
        "repo": "iozevka",
        "rev": "021ed8297bfd269cc3720f6151f88c1f73c916cf",
        "type": "github"
      },
      "original": {
        "owner": "whoiscircuit",
        "repo": "iozevka",
        "type": "github"
      }
    },
    "nixpkgs": {
      "locked": {
        "lastModified": 1760524057,
        "narHash": "sha256-EVAqOteLBFmd7pKkb0+FIUyzTF61VKi7YmvP1tw4nEw=",
        "owner": "nixos",
        "repo": "nixpkgs",
        "rev": "544961dfcce86422ba200ed9a0b00dd4b1486ec5",
        "type": "github"
      },
      "original": {
        "owner": "nixos",
        "ref": "nixos-unstable",
        "repo": "nixpkgs",
        "type": "github"
      }
    },
    "root": {
      "inputs": {
        "dotfiles": "dotfiles",
        "hidrosis": "hidrosis",
        "home-manager": "home-manager",
        "iozevka": "iozevka",
        "nixpkgs": "nixpkgs"
      }
    }
  },
  "root": "root",
  "version": 7
}
