{
  "nodes": {
    "dotfiles": {
      "flake": false,
      "locked": {
        "lastModified": 1761046349,
        "narHash": "sha256-nZ6LiUslABBJSadnKfNia7MlGr86VG/xMagm4UXHCwc=",
        "owner": "whoiscircuit",
        "repo": "new_dotfiles",
        "rev": "f70949f5fcd52828ae0ec56c55fc06805170300c",
        "type": "github"
      },
      "original": {
        "owner": "whoiscircuit",
        "repo": "new_dotfiles",
        "type": "github"
      }
    },
    "hidrosis": {
      "inputs": {
        "nixpkgs": [
          "nixpkgs"
        ]
      },
      "locked": {
        "lastModified": 1761073126,
        "narHash": "sha256-DymatLOYRzqppw14yXUtlpgX4XgvDOC+vdN1C6Rd4Sc=",
        "owner": "whoiscircuit",
        "repo": "daktylos",
        "rev": "6256261f4d6b232ea4fcd38b5cf5040861cafbe8",
        "type": "github"
      },
      "original": {
        "owner": "whoiscircuit",
        "repo": "daktylos",
        "type": "github"
      }
    },
    "home-manager": {
      "inputs": {
        "nixpkgs": [
          "nixpkgs"
        ]
      },
      "locked": {
        "lastModified": 1760662441,
        "narHash": "sha256-mlDqR1Ntgs9uYYEAUR1IhamKBO0lxoNS4zGLzEZaY0A=",
        "owner": "nix-community",
        "repo": "home-manager",
        "rev": "722792af097dff5790f1a66d271a47759f477755",
        "type": "github"
      },
      "original": {
        "owner": "nix-community",
        "repo": "home-manager",
        "type": "github"
      }
    },
    "iozevka": {
      "inputs": {
        "nixpkgs": [
          "nixpkgs"
        ]
      },
      "locked": {
        "lastModified": 1757747389,
        "narHash": "sha256-YAtKMuOI0GfenjJjM2EStB6HDFfLAJMM8etjoVqY00Q=",
        "owner": "whoiscircuit",
        "repo": "iozevka",
        "rev": "021ed8297bfd269cc3720f6151f88c1f73c916cf",
        "type": "github"
      },
      "original": {
        "owner": "whoiscircuit",
        "repo": "iozevka",
        "type": "github"
      }
    },
    "nixpkgs": {
      "locked": {
        "lastModified": 1760524057,
        "narHash": "sha256-EVAqOteLBFmd7pKkb0+FIUyzTF61VKi7YmvP1tw4nEw=",
        "owner": "nixos",
        "repo": "nixpkgs",
        "rev": "544961dfcce86422ba200ed9a0b00dd4b1486ec5",
        "type": "github"
      },
      "original": {
        "owner": "nixos",
        "ref": "nixos-unstable",
        "repo": "nixpkgs",
        "type": "github"
      }
    },
    "root": {
      "inputs": {
        "dotfiles": "dotfiles",
        "hidrosis": "hidrosis",
        "home-manager": "home-manager",
        "iozevka": "iozevka",
        "nixpkgs": "nixpkgs"
      }
    }
  },
  "root": "root",
  "version": 7
}
